
Microsoft Visual Studio Solution File, Format Version 12.00
# Visual Studio 15
VisualStudioVersion = 15.0.28307.539
MinimumVisualStudioVersion = 10.0.40219.1
Project("{FAE04EC0-301F-11D3-BF4B-00C04F79EFBC}") = "贪吃蛇", "贪吃蛇\贪吃蛇.csproj", "{A25AF8C8-3D6F-4D1F-89A4-C7FE091FC4CC}"
EndProject
Global
	GlobalSection(SolutionConfigurationPlatforms) = preSolution
		Debug|Any CPU = Debug|Any CPU
		Release|Any CPU = Release|Any CPU
	EndGlobalSection
	GlobalSection(ProjectConfigurationPlatforms) = postSolution
		{A25AF8C8-3D6F-4D1F-89A4-C7FE091FC4CC}.Debug|Any CPU.ActiveCfg = Debug|Any CPU
		{A25AF8C8-3D6F-4D1F-89A4-C7FE091FC4CC}.Debug|Any CPU.Build.0 = Debug|Any CPU
		{A25AF8C8-3D6F-4D1F-89A4-C7FE091FC4CC}.Release|Any CPU.ActiveCfg = Release|Any CPU
		{A25AF8C8-3D6F-4D1F-89A4-C7FE091FC4CC}.Release|Any CPU.Build.0 = Release|Any CPU
	EndGlobalSection
	GlobalSection(SolutionProperties) = preSolution
		HideSolutionNode = FALSE
	EndGlobalSection
	GlobalSection(ExtensibilityGlobals) = postSolution
		SolutionGuid = {EFFD97A0-9141-4EAD-A05A-2CB3AE901DF1}
	EndGlobalSection
EndGlobal
